// !$*UTF8*$!
{
	archiveVersion = 1;
	classes = {
	};
	objectVersion = 77;
	objects = {

/* Begin PBXBuildFile section */
		150EC31CFAA673C51B37F0BC /* DaemonServiceManager.swift in Sources */ = {isa = PBXBuildFile; fileRef = 66F5C1631CDEC940569658B5 /* DaemonServiceManager.swift */; };
		2089DA66D395D3CB66FC5A26 /* Assets.xcassets in Resources */ = {isa = PBXBuildFile; fileRef = 0D96A945383702097BA4CCEA /* Assets.xcassets */; };
		3F4AA7F9205B184BCD780539 /* AppModelTests.swift in Sources */ = {isa = PBXBuildFile; fileRef = 907978AE95DA344593F3BCA3 /* AppModelTests.swift */; };
		43F14541E9B4E1B33178101A /* AuthView.swift in Sources */ = {isa = PBXBuildFile; fileRef = 52004ADBDE2E29BC25EF51B2 /* AuthView.swift */; };
		4CCD74568EADAD432672189D /* UpdateService.swift in Sources */ = {isa = PBXBuildFile; fileRef = 2D1B09D36EE0E0D152888537 /* UpdateService.swift */; };
		62FB2A2B8196D3C86DAF8E9E /* SettingsView.swift in Sources */ = {isa = PBXBuildFile; fileRef = 9506B593C3A1BAAECD5ACB83 /* SettingsView.swift */; };
		6467183EF2D0B0C1FB4A3500 /* ActivityView.swift in Sources */ = {isa = PBXBuildFile; fileRef = 85E7D46276FEA5FFCB9BB8F2 /* ActivityView.swift */; };
		6BD4B241EB8557471C018CB5 /* AppModel.swift in Sources */ = {isa = PBXBuildFile; fileRef = B8B2BC9F43EB4287115C47DA /* AppModel.swift */; };
		6C3A2ACAD67159A496C5DC58 /* RootView.swift in Sources */ = {isa = PBXBuildFile; fileRef = E823B05501E7735EEA26993A /* RootView.swift */; };
		6C979F41AD0669EF1B229C11 /* ServersView.swift in Sources */ = {isa = PBXBuildFile; fileRef = 2AFB9D205089F380BB49E9C6 /* ServersView.swift */; };
		B44B53C90279B089D31E3A2C /* NotificationService.swift in Sources */ = {isa = PBXBuildFile; fileRef = 6F5B09AFBCFD315B1AD3534C /* NotificationService.swift */; };
		B4705E82E33B265C78BAB13A /* PlugIPC in Frameworks */ = {isa = PBXBuildFile; productRef = 17AE7DC1CCB3C84D1993523B /* PlugIPC */; };
		B736680D4CC1B797B3856113 /* PlugMenu.swift in Sources */ = {isa = PBXBuildFile; fileRef = 2B949E8F0B71D3EF15DF8ACE /* PlugMenu.swift */; };
		C0196520F5563F2ED423AA31 /* Sparkle in Frameworks */ = {isa = PBXBuildFile; productRef = BA2AF18F506896646E72E95E /* Sparkle */; };
		D449F2C43FA789DEC8DEDE70 /* com.plug.daemon.plist in Resources */ = {isa = PBXBuildFile; fileRef = FF1629FBEB812E2CEDA0A767 /* com.plug.daemon.plist */; };
		DC62E8AA069FD0F3FFFFDC8C /* PlugApplication.swift in Sources */ = {isa = PBXBuildFile; fileRef = 36FB89E2C8814400C0F38A5D /* PlugApplication.swift */; };
		E5058FBADD4D21BE623948D5 /* AuthFlowService.swift in Sources */ = {isa = PBXBuildFile; fileRef = AB8DE5660E3B959F5F4AD7FD /* AuthFlowService.swift */; };
		E8F55758CCD235C746771CD0 /* AppChrome.swift in Sources */ = {isa = PBXBuildFile; fileRef = 2BB10ED3645727B693E33897 /* AppChrome.swift */; };
		F217168291DF7F5D7D464B18 /* ClientsView.swift in Sources */ = {isa = PBXBuildFile; fileRef = 0F74CE97E0DF2E6BB479555A /* ClientsView.swift */; };
/* End PBXBuildFile section */

/* Begin PBXContainerItemProxy section */
		DCAF3D6A23D2ABC07290A533 /* PBXContainerItemProxy */ = {
			isa = PBXContainerItemProxy;
			containerPortal = 656C1BA521D8B309896F0C47 /* Project object */;
			proxyType = 1;
			remoteGlobalIDString = 319C8D464A5AE56B0CF6F0EB;
			remoteInfo = PlugApp;
		};
/* End PBXContainerItemProxy section */

/* Begin PBXFileReference section */
		0D96A945383702097BA4CCEA /* Assets.xcassets */ = {isa = PBXFileReference; lastKnownFileType = folder.assetcatalog; path = Assets.xcassets; sourceTree = "<group>"; };
		0F74CE97E0DF2E6BB479555A /* ClientsView.swift */ = {isa = PBXFileReference; lastKnownFileType = sourcecode.swift; path = ClientsView.swift; sourceTree = "<group>"; };
		17049C687463885E5E5C1CF0 /* PlugIPC */ = {isa = PBXFileReference; lastKnownFileType = folder; name = PlugIPC; path = PlugIPC; sourceTree = SOURCE_ROOT; };
		2AFB9D205089F380BB49E9C6 /* ServersView.swift */ = {isa = PBXFileReference; lastKnownFileType = sourcecode.swift; path = ServersView.swift; sourceTree = "<group>"; };
		2B949E8F0B71D3EF15DF8ACE /* PlugMenu.swift */ = {isa = PBXFileReference; lastKnownFileType = sourcecode.swift; path = PlugMenu.swift; sourceTree = "<group>"; };
		2BB10ED3645727B693E33897 /* AppChrome.swift */ = {isa = PBXFileReference; lastKnownFileType = sourcecode.swift; path = AppChrome.swift; sourceTree = "<group>"; };
		2D1B09D36EE0E0D152888537 /* UpdateService.swift */ = {isa = PBXFileReference; lastKnownFileType = sourcecode.swift; path = UpdateService.swift; sourceTree = "<group>"; };
		36FB89E2C8814400C0F38A5D /* PlugApplication.swift */ = {isa = PBXFileReference; lastKnownFileType = sourcecode.swift; path = PlugApplication.swift; sourceTree = "<group>"; };
		44F0B51187F69FF68E1876F8 /* PlugApp.entitlements */ = {isa = PBXFileReference; lastKnownFileType = text.plist.entitlements; path = PlugApp.entitlements; sourceTree = "<group>"; };
		52004ADBDE2E29BC25EF51B2 /* AuthView.swift */ = {isa = PBXFileReference; lastKnownFileType = sourcecode.swift; path = AuthView.swift; sourceTree = "<group>"; };
		66F5C1631CDEC940569658B5 /* DaemonServiceManager.swift */ = {isa = PBXFileReference; lastKnownFileType = sourcecode.swift; path = DaemonServiceManager.swift; sourceTree = "<group>"; };
		6E5390A094EAB1E48AC50E51 /* Info.plist */ = {isa = PBXFileReference; lastKnownFileType = text.plist; path = Info.plist; sourceTree = "<group>"; };
		6F5B09AFBCFD315B1AD3534C /* NotificationService.swift */ = {isa = PBXFileReference; lastKnownFileType = sourcecode.swift; path = NotificationService.swift; sourceTree = "<group>"; };
		722932029558C08A810E4AF7 /* PlugApp.app */ = {isa = PBXFileReference; explicitFileType = wrapper.application; includeInIndex = 0; path = PlugApp.app; sourceTree = BUILT_PRODUCTS_DIR; };
		85E7D46276FEA5FFCB9BB8F2 /* ActivityView.swift */ = {isa = PBXFileReference; lastKnownFileType = sourcecode.swift; path = ActivityView.swift; sourceTree = "<group>"; };
		907978AE95DA344593F3BCA3 /* AppModelTests.swift */ = {isa = PBXFileReference; lastKnownFileType = sourcecode.swift; path = AppModelTests.swift; sourceTree = "<group>"; };
		9506B593C3A1BAAECD5ACB83 /* SettingsView.swift */ = {isa = PBXFileReference; lastKnownFileType = sourcecode.swift; path = SettingsView.swift; sourceTree = "<group>"; };
		AB8DE5660E3B959F5F4AD7FD /* AuthFlowService.swift */ = {isa = PBXFileReference; lastKnownFileType = sourcecode.swift; path = AuthFlowService.swift; sourceTree = "<group>"; };
		B8B2BC9F43EB4287115C47DA /* AppModel.swift */ = {isa = PBXFileReference; lastKnownFileType = sourcecode.swift; path = AppModel.swift; sourceTree = "<group>"; };
		CC541E7062C47E08EF5F5B4B /* PlugAppTests.xctest */ = {isa = PBXFileReference; explicitFileType = wrapper.cfbundle; includeInIndex = 0; path = PlugAppTests.xctest; sourceTree = BUILT_PRODUCTS_DIR; };
		E823B05501E7735EEA26993A /* RootView.swift */ = {isa = PBXFileReference; lastKnownFileType = sourcecode.swift; path = RootView.swift; sourceTree = "<group>"; };
		FF1629FBEB812E2CEDA0A767 /* com.plug.daemon.plist */ = {isa = PBXFileReference; lastKnownFileType = text.plist; path = com.plug.daemon.plist; sourceTree = "<group>"; };
/* End PBXFileReference section */

/* Begin PBXFrameworksBuildPhase section */
		304F1AD99F52431A6D7F3544 /* Frameworks */ = {
			isa = PBXFrameworksBuildPhase;
			buildActionMask = 2147483647;
			files = (
				B4705E82E33B265C78BAB13A /* PlugIPC in Frameworks */,
				C0196520F5563F2ED423AA31 /* Sparkle in Frameworks */,
			);
			runOnlyForDeploymentPostprocessing = 0;
		};
/* End PBXFrameworksBuildPhase section */

/* Begin PBXGroup section */
		04A36C8D6B6A4C24BB4D517B /* Packages */ = {
			isa = PBXGroup;
			children = (
				17049C687463885E5E5C1CF0 /* PlugIPC */,
			);
			name = Packages;
			sourceTree = "<group>";
		};
		154A99C2EE3AC663C0E5CD09 /* Auth */ = {
			isa = PBXGroup;
			children = (
				52004ADBDE2E29BC25EF51B2 /* AuthView.swift */,
			);
			path = Auth;
			sourceTree = "<group>";
		};
		22CC65A9DE8DABA943A6935A /* Activity */ = {
			isa = PBXGroup;
			children = (
				85E7D46276FEA5FFCB9BB8F2 /* ActivityView.swift */,
			);
			path = Activity;
			sourceTree = "<group>";
		};
		3A6C0F880F7E22F45D385900 /* Settings */ = {
			isa = PBXGroup;
			children = (
				9506B593C3A1BAAECD5ACB83 /* SettingsView.swift */,
			);
			path = Settings;
			sourceTree = "<group>";
		};
		4D7C2B22591EE4E275C9260F /* PlugAppTests */ = {
			isa = PBXGroup;
			children = (
				907978AE95DA344593F3BCA3 /* AppModelTests.swift */,
			);
			path = PlugAppTests;
			sourceTree = "<group>";
		};
		7340EA9AE1731128CEABBF9F /* Clients */ = {
			isa = PBXGroup;
			children = (
				0F74CE97E0DF2E6BB479555A /* ClientsView.swift */,
			);
			path = Clients;
			sourceTree = "<group>";
		};
		7AA042891B4B51AA69A0DAFB /* Products */ = {
			isa = PBXGroup;
			children = (
				722932029558C08A810E4AF7 /* PlugApp.app */,
				CC541E7062C47E08EF5F5B4B /* PlugAppTests.xctest */,
			);
			name = Products;
			sourceTree = "<group>";
		};
		82BB641BEEA138358B0DB072 /* Menu */ = {
			isa = PBXGroup;
			children = (
				2B949E8F0B71D3EF15DF8ACE /* PlugMenu.swift */,
			);
			path = Menu;
			sourceTree = "<group>";
		};
		94579476E085452846D089D1 /* Views */ = {
			isa = PBXGroup;
			children = (
				2BB10ED3645727B693E33897 /* AppChrome.swift */,
				E823B05501E7735EEA26993A /* RootView.swift */,
			);
			path = Views;
			sourceTree = "<group>";
		};
		9FB6D7ED8FA1C9DC1B0E2AA9 = {
			isa = PBXGroup;
			children = (
				04A36C8D6B6A4C24BB4D517B /* Packages */,
				CE4F4A93CF523388BD54586E /* PlugApp */,
				4D7C2B22591EE4E275C9260F /* PlugAppTests */,
				7AA042891B4B51AA69A0DAFB /* Products */,
			);
			sourceTree = "<group>";
		};
		C40F14F0E853E9D3057DDC64 /* Resources */ = {
			isa = PBXGroup;
			children = (
				FF1629FBEB812E2CEDA0A767 /* com.plug.daemon.plist */,
			);
			path = Resources;
			sourceTree = "<group>";
		};
		C7335DD31E4332F0F92AB729 /* Services */ = {
			isa = PBXGroup;
			children = (
				AB8DE5660E3B959F5F4AD7FD /* AuthFlowService.swift */,
				66F5C1631CDEC940569658B5 /* DaemonServiceManager.swift */,
				6F5B09AFBCFD315B1AD3534C /* NotificationService.swift */,
				2D1B09D36EE0E0D152888537 /* UpdateService.swift */,
			);
			path = Services;
			sourceTree = "<group>";
		};
		CE4F4A93CF523388BD54586E /* PlugApp */ = {
			isa = PBXGroup;
			children = (
				0D96A945383702097BA4CCEA /* Assets.xcassets */,
				6E5390A094EAB1E48AC50E51 /* Info.plist */,
				44F0B51187F69FF68E1876F8 /* PlugApp.entitlements */,
				22CC65A9DE8DABA943A6935A /* Activity */,
				FCC4251DF7B9C1E48B7B3BB8 /* App */,
				154A99C2EE3AC663C0E5CD09 /* Auth */,
				7340EA9AE1731128CEABBF9F /* Clients */,
				82BB641BEEA138358B0DB072 /* Menu */,
				C40F14F0E853E9D3057DDC64 /* Resources */,
				E10C718A5E9717CB4498DF80 /* Servers */,
				C7335DD31E4332F0F92AB729 /* Services */,
				3A6C0F880F7E22F45D385900 /* Settings */,
				D8C6E964F535104EA3C427DA /* Stores */,
				94579476E085452846D089D1 /* Views */,
			);
			path = PlugApp;
			sourceTree = "<group>";
		};
		D8C6E964F535104EA3C427DA /* Stores */ = {
			isa = PBXGroup;
			children = (
				B8B2BC9F43EB4287115C47DA /* AppModel.swift */,
			);
			path = Stores;
			sourceTree = "<group>";
		};
		E10C718A5E9717CB4498DF80 /* Servers */ = {
			isa = PBXGroup;
			children = (
				2AFB9D205089F380BB49E9C6 /* ServersView.swift */,
			);
			path = Servers;
			sourceTree = "<group>";
		};
		FCC4251DF7B9C1E48B7B3BB8 /* App */ = {
			isa = PBXGroup;
			children = (
				36FB89E2C8814400C0F38A5D /* PlugApplication.swift */,
			);
			path = App;
			sourceTree = "<group>";
		};
/* End PBXGroup section */

/* Begin PBXNativeTarget section */
		0C1130657D9C9B5CFF40D167 /* PlugAppTests */ = {
			isa = PBXNativeTarget;
			buildConfigurationList = 063499F74E51D70A39A9CE5B /* Build configuration list for PBXNativeTarget "PlugAppTests" */;
			buildPhases = (
				514056FA5DC4AF9DB353FB22 /* Sources */,
			);
			buildRules = (
			);
			dependencies = (
				395C420064F3367A4E0F2705 /* PBXTargetDependency */,
			);
			name = PlugAppTests;
			packageProductDependencies = (
			);
			productName = PlugAppTests;
			productReference = CC541E7062C47E08EF5F5B4B /* PlugAppTests.xctest */;
			productType = "com.apple.product-type.bundle.unit-test";
		};
		319C8D464A5AE56B0CF6F0EB /* PlugApp */ = {
			isa = PBXNativeTarget;
			buildConfigurationList = E50DDA4A72BEF02863E9479D /* Build configuration list for PBXNativeTarget "PlugApp" */;
			buildPhases = (
				5C121B64FC08D97A3179C483 /* Bundle daemon and LaunchAgent */,
				93C911130F0C3B28F4BBD036 /* Sources */,
				C366AFBEA8B4A0A39020327B /* Resources */,
				304F1AD99F52431A6D7F3544 /* Frameworks */,
			);
			buildRules = (
			);
			dependencies = (
			);
			name = PlugApp;
			packageProductDependencies = (
				17AE7DC1CCB3C84D1993523B /* PlugIPC */,
				BA2AF18F506896646E72E95E /* Sparkle */,
			);
			productName = PlugApp;
			productReference = 722932029558C08A810E4AF7 /* PlugApp.app */;
			productType = "com.apple.product-type.application";
		};
/* End PBXNativeTarget section */

/* Begin PBXProject section */
		656C1BA521D8B309896F0C47 /* Project object */ = {
			isa = PBXProject;
			attributes = {
				BuildIndependentTargetsInParallel = YES;
				LastUpgradeCheck = 1430;
				TargetAttributes = {
					319C8D464A5AE56B0CF6F0EB = {
						DevelopmentTeam = HJF7LN64XX;
						ProvisioningStyle = Automatic;
					};
				};
			};
			buildConfigurationList = C7F5EA236F9E1960751E9B0A /* Build configuration list for PBXProject "PlugApp" */;
			developmentRegion = en;
			hasScannedForEncodings = 0;
			knownRegions = (
				Base,
				en,
			);
			mainGroup = 9FB6D7ED8FA1C9DC1B0E2AA9;
			minimizedProjectReferenceProxies = 1;
			packageReferences = (
				B2094A306B627DE98BFDB1E5 /* XCRemoteSwiftPackageReference "Sparkle" */,
				FABC680FF249D8B71BAFBDD1 /* XCLocalSwiftPackageReference "PlugIPC" */,
			);
			preferredProjectObjectVersion = 77;
			productRefGroup = 7AA042891B4B51AA69A0DAFB /* Products */;
			projectDirPath = "";
			projectRoot = "";
			targets = (
				319C8D464A5AE56B0CF6F0EB /* PlugApp */,
				0C1130657D9C9B5CFF40D167 /* PlugAppTests */,
			);
		};
/* End PBXProject section */

/* Begin PBXResourcesBuildPhase section */
		C366AFBEA8B4A0A39020327B /* Resources */ = {
			isa = PBXResourcesBuildPhase;
			buildActionMask = 2147483647;
			files = (
				2089DA66D395D3CB66FC5A26 /* Assets.xcassets in Resources */,
				D449F2C43FA789DEC8DEDE70 /* com.plug.daemon.plist in Resources */,
			);
			runOnlyForDeploymentPostprocessing = 0;
		};
/* End PBXResourcesBuildPhase section */

/* Begin PBXShellScriptBuildPhase section */
		5C121B64FC08D97A3179C483 /* Bundle daemon and LaunchAgent */ = {
			isa = PBXShellScriptBuildPhase;
			alwaysOutOfDate = 1;
			buildActionMask = 2147483647;
			files = (
			);
			inputFileListPaths = (
			);
			inputPaths = (
			);
			name = "Bundle daemon and LaunchAgent";
			outputFileListPaths = (
			);
			outputPaths = (
			);
			runOnlyForDeploymentPostprocessing = 0;
			shellPath = /bin/sh;
			shellScript = "set -euo pipefail\nROOT=\"$SRCROOT/..\"\nif [ -n \"${PLUG_RELEASE_BINARY:-}\" ] && [ -x \"$PLUG_RELEASE_BINARY\" ]; then\n  PLUG_BIN=\"$PLUG_RELEASE_BINARY\"\nelif [ \"$CONFIGURATION\" = \"Release\" ]; then\n  cargo build --manifest-path \"$ROOT/Cargo.toml\" --release -p plug-mcp\n  PLUG_BIN=\"$ROOT/target/release/plug\"\nelse\n  cargo build --manifest-path \"$ROOT/Cargo.toml\" -p plug-mcp\n  PLUG_BIN=\"$ROOT/target/debug/plug\"\nfi\nRESOURCES=\"$TARGET_BUILD_DIR/$UNLOCALIZED_RESOURCES_FOLDER_PATH\"\nAGENTS=\"$TARGET_BUILD_DIR/$WRAPPER_NAME/Contents/Library/LaunchAgents\"\nmkdir -p \"$RESOURCES\" \"$AGENTS\"\ncp \"$PLUG_BIN\" \"$RESOURCES/plug\"\nchmod 755 \"$RESOURCES/plug\"\ncp \"$SRCROOT/PlugApp/Resources/com.plug.daemon.plist\" \"$AGENTS/com.plug.daemon.plist\"\n";
		};
/* End PBXShellScriptBuildPhase section */

/* Begin PBXSourcesBuildPhase section */
		514056FA5DC4AF9DB353FB22 /* Sources */ = {
			isa = PBXSourcesBuildPhase;
			buildActionMask = 2147483647;
			files = (
				3F4AA7F9205B184BCD780539 /* AppModelTests.swift in Sources */,
			);
			runOnlyForDeploymentPostprocessing = 0;
		};
		93C911130F0C3B28F4BBD036 /* Sources */ = {
			isa = PBXSourcesBuildPhase;
			buildActionMask = 2147483647;
			files = (
				6467183EF2D0B0C1FB4A3500 /* ActivityView.swift in Sources */,
				E8F55758CCD235C746771CD0 /* AppChrome.swift in Sources */,
				6BD4B241EB8557471C018CB5 /* AppModel.swift in Sources */,
				E5058FBADD4D21BE623948D5 /* AuthFlowService.swift in Sources */,
				43F14541E9B4E1B33178101A /* AuthView.swift in Sources */,
				F217168291DF7F5D7D464B18 /* ClientsView.swift in Sources */,
				150EC31CFAA673C51B37F0BC /* DaemonServiceManager.swift in Sources */,
				B44B53C90279B089D31E3A2C /* NotificationService.swift in Sources */,
				DC62E8AA069FD0F3FFFFDC8C /* PlugApplication.swift in Sources */,
				B736680D4CC1B797B3856113 /* PlugMenu.swift in Sources */,
				6C3A2ACAD67159A496C5DC58 /* RootView.swift in Sources */,
				6C979F41AD0669EF1B229C11 /* ServersView.swift in Sources */,
				62FB2A2B8196D3C86DAF8E9E /* SettingsView.swift in Sources */,
				4CCD74568EADAD432672189D /* UpdateService.swift in Sources */,
			);
			runOnlyForDeploymentPostprocessing = 0;
		};
/* End PBXSourcesBuildPhase section */

/* Begin PBXTargetDependency section */
		395C420064F3367A4E0F2705 /* PBXTargetDependency */ = {
			isa = PBXTargetDependency;
			target = 319C8D464A5AE56B0CF6F0EB /* PlugApp */;
			targetProxy = DCAF3D6A23D2ABC07290A533 /* PBXContainerItemProxy */;
		};
/* End PBXTargetDependency section */

/* Begin XCBuildConfiguration section */
		0DC3D98DA70265EABAAFA9FE /* Debug */ = {
			isa = XCBuildConfiguration;
			buildSettings = {
				BUNDLE_LOADER = "$(TEST_HOST)";
				COMBINE_HIDPI_IMAGES = YES;
				GENERATE_INFOPLIST_FILE = YES;
				LD_RUNPATH_SEARCH_PATHS = (
					"$(inherited)",
					"@executable_path/../Frameworks",
					"@loader_path/../Frameworks",
				);
				PRODUCT_BUNDLE_IDENTIFIER = com.cyberpapiii.PlugAppTests;
				SDKROOT = macosx;
				SWIFT_VERSION = 6.0;
				TEST_HOST = "$(BUILT_PRODUCTS_DIR)/Plug.app/Contents/MacOS/Plug";
			};
			name = Debug;
		};
		190166AC8A700AD8A97B4E47 /* Release */ = {
			isa = XCBuildConfiguration;
			buildSettings = {
				ALWAYS_SEARCH_USER_PATHS = NO;
				CLANG_ANALYZER_NONNULL = YES;
				CLANG_ANALYZER_NUMBER_OBJECT_CONVERSION = YES_AGGRESSIVE;
				CLANG_CXX_LANGUAGE_STANDARD = "gnu++14";
				CLANG_CXX_LIBRARY = "libc++";
				CLANG_ENABLE_MODULES = YES;
				CLANG_ENABLE_OBJC_ARC = YES;
				CLANG_ENABLE_OBJC_WEAK = YES;
				CLANG_WARN_BLOCK_CAPTURE_AUTORELEASING = YES;
				CLANG_WARN_BOOL_CONVERSION = YES;
				CLANG_WARN_COMMA = YES;
				CLANG_WARN_CONSTANT_CONVERSION = YES;
				CLANG_WARN_DEPRECATED_OBJC_IMPLEMENTATIONS = YES;
				CLANG_WARN_DIRECT_OBJC_ISA_USAGE = YES_ERROR;
				CLANG_WARN_DOCUMENTATION_COMMENTS = YES;
				CLANG_WARN_EMPTY_BODY = YES;
				CLANG_WARN_ENUM_CONVERSION = YES;
				CLANG_WARN_INFINITE_RECURSION = YES;
				CLANG_WARN_INT_CONVERSION = YES;
				CLANG_WARN_NON_LITERAL_NULL_CONVERSION = YES;
				CLANG_WARN_OBJC_IMPLICIT_RETAIN_SELF = YES;
				CLANG_WARN_OBJC_LITERAL_CONVERSION = YES;
				CLANG_WARN_OBJC_ROOT_CLASS = YES_ERROR;
				CLANG_WARN_QUOTED_INCLUDE_IN_FRAMEWORK_HEADER = YES;
				CLANG_WARN_RANGE_LOOP_ANALYSIS = YES;
				CLANG_WARN_STRICT_PROTOTYPES = YES;
				CLANG_WARN_SUSPICIOUS_MOVE = YES;
				CLANG_WARN_UNGUARDED_AVAILABILITY = YES_AGGRESSIVE;
				CLANG_WARN_UNREACHABLE_CODE = YES;
				CLANG_WARN__DUPLICATE_METHOD_MATCH = YES;
				COPY_PHASE_STRIP = NO;
				DEBUG_INFORMATION_FORMAT = "dwarf-with-dsym";
				ENABLE_NS_ASSERTIONS = NO;
				ENABLE_STRICT_OBJC_MSGSEND = YES;
				GCC_C_LANGUAGE_STANDARD = gnu11;
				GCC_NO_COMMON_BLOCKS = YES;
				GCC_WARN_64_TO_32_BIT_CONVERSION = YES;
				GCC_WARN_ABOUT_RETURN_TYPE = YES_ERROR;
				GCC_WARN_UNDECLARED_SELECTOR = YES;
				GCC_WARN_UNINITIALIZED_AUTOS = YES_AGGRESSIVE;
				GCC_WARN_UNUSED_FUNCTION = YES;
				GCC_WARN_UNUSED_VARIABLE = YES;
				MACOSX_DEPLOYMENT_TARGET = 14.0;
				MTL_ENABLE_DEBUG_INFO = NO;
				MTL_FAST_MATH = YES;
				PRODUCT_NAME = "$(TARGET_NAME)";
				SDKROOT = macosx;
				SWIFT_COMPILATION_MODE = wholemodule;
				SWIFT_OPTIMIZATION_LEVEL = "-O";
				SWIFT_VERSION = 5.0;
			};
			name = Release;
		};
		BB06DA074207716E980F40A2 /* Release */ = {
			isa = XCBuildConfiguration;
			buildSettings = {
				ASSETCATALOG_COMPILER_APPICON_NAME = AppIcon;
				CODE_SIGN_ENTITLEMENTS = PlugApp/PlugApp.entitlements;
				CODE_SIGN_STYLE = Automatic;
				COMBINE_HIDPI_IMAGES = YES;
				DEVELOPMENT_TEAM = HJF7LN64XX;
				ENABLE_APP_SANDBOX = NO;
				INFOPLIST_FILE = PlugApp/Info.plist;
				LD_RUNPATH_SEARCH_PATHS = (
					"$(inherited)",
					"@executable_path/../Frameworks",
				);
				MACOSX_DEPLOYMENT_TARGET = 14.0;
				PRODUCT_BUNDLE_IDENTIFIER = com.cyberpapiii.plug;
				PRODUCT_NAME = Plug;
				SDKROOT = macosx;
				SWIFT_VERSION = 6.0;
			};
			name = Release;
		};
		BDA497230A8855B404F5B00F /* Debug */ = {
			isa = XCBuildConfiguration;
			buildSettings = {
				ASSETCATALOG_COMPILER_APPICON_NAME = AppIcon;
				CODE_SIGN_ENTITLEMENTS = PlugApp/PlugApp.entitlements;
				CODE_SIGN_STYLE = Automatic;
				COMBINE_HIDPI_IMAGES = YES;
				DEVELOPMENT_TEAM = HJF7LN64XX;
				ENABLE_APP_SANDBOX = NO;
				INFOPLIST_FILE = PlugApp/Info.plist;
				LD_RUNPATH_SEARCH_PATHS = (
					"$(inherited)",
					"@executable_path/../Frameworks",
				);
				MACOSX_DEPLOYMENT_TARGET = 14.0;
				PRODUCT_BUNDLE_IDENTIFIER = com.cyberpapiii.plug;
				PRODUCT_NAME = Plug;
				SDKROOT = macosx;
				SWIFT_VERSION = 6.0;
			};
			name = Debug;
		};
		E813A9FD352C70F49E2748FA /* Debug */ = {
			isa = XCBuildConfiguration;
			buildSettings = {
				ALWAYS_SEARCH_USER_PATHS = NO;
				CLANG_ANALYZER_NONNULL = YES;
				CLANG_ANALYZER_NUMBER_OBJECT_CONVERSION = YES_AGGRESSIVE;
				CLANG_CXX_LANGUAGE_STANDARD = "gnu++14";
				CLANG_CXX_LIBRARY = "libc++";
				CLANG_ENABLE_MODULES = YES;
				CLANG_ENABLE_OBJC_ARC = YES;
				CLANG_ENABLE_OBJC_WEAK = YES;
				CLANG_WARN_BLOCK_CAPTURE_AUTORELEASING = YES;
				CLANG_WARN_BOOL_CONVERSION = YES;
				CLANG_WARN_COMMA = YES;
				CLANG_WARN_CONSTANT_CONVERSION = YES;
				CLANG_WARN_DEPRECATED_OBJC_IMPLEMENTATIONS = YES;
				CLANG_WARN_DIRECT_OBJC_ISA_USAGE = YES_ERROR;
				CLANG_WARN_DOCUMENTATION_COMMENTS = YES;
				CLANG_WARN_EMPTY_BODY = YES;
				CLANG_WARN_ENUM_CONVERSION = YES;
				CLANG_WARN_INFINITE_RECURSION = YES;
				CLANG_WARN_INT_CONVERSION = YES;
				CLANG_WARN_NON_LITERAL_NULL_CONVERSION = YES;
				CLANG_WARN_OBJC_IMPLICIT_RETAIN_SELF = YES;
				CLANG_WARN_OBJC_LITERAL_CONVERSION = YES;
				CLANG_WARN_OBJC_ROOT_CLASS = YES_ERROR;
				CLANG_WARN_QUOTED_INCLUDE_IN_FRAMEWORK_HEADER = YES;
				CLANG_WARN_RANGE_LOOP_ANALYSIS = YES;
				CLANG_WARN_STRICT_PROTOTYPES = YES;
				CLANG_WARN_SUSPICIOUS_MOVE = YES;
				CLANG_WARN_UNGUARDED_AVAILABILITY = YES_AGGRESSIVE;
				CLANG_WARN_UNREACHABLE_CODE = YES;
				CLANG_WARN__DUPLICATE_METHOD_MATCH = YES;
				COPY_PHASE_STRIP = NO;
				DEBUG_INFORMATION_FORMAT = dwarf;
				ENABLE_STRICT_OBJC_MSGSEND = YES;
				ENABLE_TESTABILITY = YES;
				GCC_C_LANGUAGE_STANDARD = gnu11;
				GCC_DYNAMIC_NO_PIC = NO;
				GCC_NO_COMMON_BLOCKS = YES;
				GCC_OPTIMIZATION_LEVEL = 0;
				GCC_PREPROCESSOR_DEFINITIONS = (
					"$(inherited)",
					"DEBUG=1",
				);
				GCC_WARN_64_TO_32_BIT_CONVERSION = YES;
				GCC_WARN_ABOUT_RETURN_TYPE = YES_ERROR;
				GCC_WARN_UNDECLARED_SELECTOR = YES;
				GCC_WARN_UNINITIALIZED_AUTOS = YES_AGGRESSIVE;
				GCC_WARN_UNUSED_FUNCTION = YES;
				GCC_WARN_UNUSED_VARIABLE = YES;
				MACOSX_DEPLOYMENT_TARGET = 14.0;
				MTL_ENABLE_DEBUG_INFO = INCLUDE_SOURCE;
				MTL_FAST_MATH = YES;
				ONLY_ACTIVE_ARCH = YES;
				PRODUCT_NAME = "$(TARGET_NAME)";
				SDKROOT = macosx;
				SWIFT_ACTIVE_COMPILATION_CONDITIONS = DEBUG;
				SWIFT_OPTIMIZATION_LEVEL = "-Onone";
				SWIFT_VERSION = 5.0;
			};
			name = Debug;
		};
		F060D492537EEE33EB3C454B /* Release */ = {
			isa = XCBuildConfiguration;
			buildSettings = {
				BUNDLE_LOADER = "$(TEST_HOST)";
				COMBINE_HIDPI_IMAGES = YES;
				GENERATE_INFOPLIST_FILE = YES;
				LD_RUNPATH_SEARCH_PATHS = (
					"$(inherited)",
					"@executable_path/../Frameworks",
					"@loader_path/../Frameworks",
				);
				PRODUCT_BUNDLE_IDENTIFIER = com.cyberpapiii.PlugAppTests;
				SDKROOT = macosx;
				SWIFT_VERSION = 6.0;
				TEST_HOST = "$(BUILT_PRODUCTS_DIR)/Plug.app/Contents/MacOS/Plug";
			};
			name = Release;
		};
/* End XCBuildConfiguration section */

/* Begin XCConfigurationList section */
		063499F74E51D70A39A9CE5B /* Build configuration list for PBXNativeTarget "PlugAppTests" */ = {
			isa = XCConfigurationList;
			buildConfigurations = (
				0DC3D98DA70265EABAAFA9FE /* Debug */,
				F060D492537EEE33EB3C454B /* Release */,
			);
			defaultConfigurationIsVisible = 0;
			defaultConfigurationName = Debug;
		};
		C7F5EA236F9E1960751E9B0A /* Build configuration list for PBXProject "PlugApp" */ = {
			isa = XCConfigurationList;
			buildConfigurations = (
				E813A9FD352C70F49E2748FA /* Debug */,
				190166AC8A700AD8A97B4E47 /* Release */,
			);
			defaultConfigurationIsVisible = 0;
			defaultConfigurationName = Debug;
		};
		E50DDA4A72BEF02863E9479D /* Build configuration list for PBXNativeTarget "PlugApp" */ = {
			isa = XCConfigurationList;
			buildConfigurations = (
				BDA497230A8855B404F5B00F /* Debug */,
				BB06DA074207716E980F40A2 /* Release */,
			);
			defaultConfigurationIsVisible = 0;
			defaultConfigurationName = Debug;
		};
/* End XCConfigurationList section */

/* Begin XCLocalSwiftPackageReference section */
		FABC680FF249D8B71BAFBDD1 /* XCLocalSwiftPackageReference "PlugIPC" */ = {
			isa = XCLocalSwiftPackageReference;
			relativePath = PlugIPC;
		};
/* End XCLocalSwiftPackageReference section */

/* Begin XCRemoteSwiftPackageReference section */
		B2094A306B627DE98BFDB1E5 /* XCRemoteSwiftPackageReference "Sparkle" */ = {
			isa = XCRemoteSwiftPackageReference;
			repositoryURL = "https://github.com/sparkle-project/Sparkle";
			requirement = {
				kind = exactVersion;
				version = 2.9.2;
			};
		};
/* End XCRemoteSwiftPackageReference section */

/* Begin XCSwiftPackageProductDependency section */
		17AE7DC1CCB3C84D1993523B /* PlugIPC */ = {
			isa = XCSwiftPackageProductDependency;
			productName = PlugIPC;
		};
		BA2AF18F506896646E72E95E /* Sparkle */ = {
			isa = XCSwiftPackageProductDependency;
			package = B2094A306B627DE98BFDB1E5 /* XCRemoteSwiftPackageReference "Sparkle" */;
			productName = Sparkle;
		};
/* End XCSwiftPackageProductDependency section */
	};
	rootObject = 656C1BA521D8B309896F0C47 /* Project object */;
}
